
Microsoft Visual Studio Solution File, Format Version 12.00
# Visual Studio 15
VisualStudioVersion = 15.0.27130.2036
MinimumVisualStudioVersion = 10.0.40219.1
Project("{D2ABAB84-BF74-430A-B69E-9DC6D40DDA17}") = "70-768-Ch1", "70-768-Ch1\70-768-Ch1.dwproj", "{8CD5D449-329C-4DC8-B814-7E4D31FE22E3}"
EndProject
Global
	GlobalSection(SolutionConfigurationPlatforms) = preSolution
		Development|Default = Development|Default
	EndGlobalSection
	GlobalSection(ProjectConfigurationPlatforms) = postSolution
		{8CD5D449-329C-4DC8-B814-7E4D31FE22E3}.Development|Default.ActiveCfg = Development
		{8CD5D449-329C-4DC8-B814-7E4D31FE22E3}.Development|Default.Build.0 = Development
		{8CD5D449-329C-4DC8-B814-7E4D31FE22E3}.Development|Default.Deploy.0 = Development
	EndGlobalSection
	GlobalSection(SolutionProperties) = preSolution
		HideSolutionNode = FALSE
	EndGlobalSection
	GlobalSection(ExtensibilityGlobals) = postSolution
		SolutionGuid = {03DD85F9-07DC-42FE-ADF8-0C190533E8C1}
	EndGlobalSection
EndGlobal
